
Microsoft Visual Studio Solution File, Format Version 12.00
# Visual Studio Version 17
VisualStudioVersion = 17.1.32210.238
MinimumVisualStudioVersion = 10.0.40219.1
Project("{FAE04EC0-301F-11D3-BF4B-00C04F79EFBC}") = "BotVIOrientem", "BotVIOrientem\BotVIOrientem.csproj", "{887726F8-A773-46FD-8645-FDCFF130F495}"
EndProject
Global
	GlobalSection(SolutionConfigurationPlatforms) = preSolution
		Debug|Any CPU = Debug|Any CPU
		Release|Any CPU = Release|Any CPU
	EndGlobalSection
	GlobalSection(ProjectConfigurationPlatforms) = postSolution
		{887726F8-A773-46FD-8645-FDCFF130F495}.Debug|Any CPU.ActiveCfg = Debug|Any CPU
		{887726F8-A773-46FD-8645-FDCFF130F495}.Debug|Any CPU.Build.0 = Debug|Any CPU
		{887726F8-A773-46FD-8645-FDCFF130F495}.Release|Any CPU.ActiveCfg = Release|Any CPU
		{887726F8-A773-46FD-8645-FDCFF130F495}.Release|Any CPU.Build.0 = Release|Any CPU
	EndGlobalSection
	GlobalSection(SolutionProperties) = preSolution
		HideSolutionNode = FALSE
	EndGlobalSection
	GlobalSection(ExtensibilityGlobals) = postSolution
		SolutionGuid = {7BB0E377-B5B4-43FD-8921-C6EFC1871DDF}
	EndGlobalSection
EndGlobal
